<Solution>
  <Configurations>
    <Platform Name="x64" />
    <Platform Name="x86" />
  </Configurations>
  <Project Path="Encapsulation/Encapsulation.vcxproj" Id="f4753748-6984-44b3-82d2-32925970dde4" />
  <Project Path="Friend/Friend.vcxproj" Id="e986bec6-67c8-4ded-82a0-ad9adece0aa8" />
  <Project Path="inherit/inherit.vcxproj" Id="362415c4-e24f-46fa-b3aa-ed4cd7f3f7f9" />
  <Project Path="OperateReload/OperateReload.vcxproj" Id="d3941fdc-100a-43ab-b74a-3fa8e81758e2" />
</Solution>
